
Microsoft Visual Studio Solution File, Format Version 12.00
# Visual Studio Version 16
VisualStudioVersion = 25.0.1706.14
MinimumVisualStudioVersion = 10.0.40219.1
Project("{FAE04EC0-301F-11D3-BF4B-00C04F79EFBC}") = "BB-NayiDisha", "BB-NayiDisha\BB-NayiDisha.csproj", "{175E13B1-7F16-4EEA-AA5F-456694E357D6}"
EndProject
Global
	GlobalSection(SolutionConfigurationPlatforms) = preSolution
		Debug|Any CPU = Debug|Any CPU
		Release|Any CPU = Release|Any CPU
	EndGlobalSection
	GlobalSection(ProjectConfigurationPlatforms) = postSolution
		{175E13B1-7F16-4EEA-AA5F-456694E357D6}.Debug|Any CPU.ActiveCfg = Debug|Any CPU
		{175E13B1-7F16-4EEA-AA5F-456694E357D6}.Debug|Any CPU.Build.0 = Debug|Any CPU
		{175E13B1-7F16-4EEA-AA5F-456694E357D6}.Release|Any CPU.ActiveCfg = Release|Any CPU
		{175E13B1-7F16-4EEA-AA5F-456694E357D6}.Release|Any CPU.Build.0 = Release|Any CPU
	EndGlobalSection
	GlobalSection(SolutionProperties) = preSolution
		HideSolutionNode = FALSE
	EndGlobalSection
	GlobalSection(ExtensibilityGlobals) = postSolution
		SolutionGuid = {D91A5F84-A5D0-4A3A-A7BC-6DD1E481E063}
	EndGlobalSection
EndGlobal
